
Microsoft Visual Studio Solution File, Format Version 11.00
# Visual C++ Express 2010
Project("{8BC9CEB8-8B4A-11D0-8D11-00A0C91BC942}") = "SimpleCEFDLL", "SimpleCEFDLL\SimpleCEFDLL.vcxproj", "{A07FD3CC-5CFA-43EF-9221-F11053ACFB4E}"
EndProject
Project("{8BC9CEB8-8B4A-11D0-8D11-00A0C91BC942}") = "Test_SimpleCEFDLL", "Test_SimpleCEFDLL\Test_SimpleCEFDLL\Test_SimpleCEFDLL.vcxproj", "{A6554AC0-7685-4A86-8AC5-0B6952F3C468}"
EndProject
Global
	GlobalSection(SolutionConfigurationPlatforms) = preSolution
		Debug|Win32 = Debug|Win32
		Release|Win32 = Release|Win32
	EndGlobalSection
	GlobalSection(ProjectConfigurationPlatforms) = postSolution
		{A07FD3CC-5CFA-43EF-9221-F11053ACFB4E}.Debug|Win32.ActiveCfg = Debug|Win32
		{A07FD3CC-5CFA-43EF-9221-F11053ACFB4E}.Debug|Win32.Build.0 = Debug|Win32
		{A07FD3CC-5CFA-43EF-9221-F11053ACFB4E}.Release|Win32.ActiveCfg = Release|Win32
		{A07FD3CC-5CFA-43EF-9221-F11053ACFB4E}.Release|Win32.Build.0 = Release|Win32
		{A6554AC0-7685-4A86-8AC5-0B6952F3C468}.Debug|Win32.ActiveCfg = Debug|Win32
		{A6554AC0-7685-4A86-8AC5-0B6952F3C468}.Debug|Win32.Build.0 = Debug|Win32
		{A6554AC0-7685-4A86-8AC5-0B6952F3C468}.Release|Win32.ActiveCfg = Release|Win32
		{A6554AC0-7685-4A86-8AC5-0B6952F3C468}.Release|Win32.Build.0 = Release|Win32
	EndGlobalSection
	GlobalSection(SolutionProperties) = preSolution
		HideSolutionNode = FALSE
	EndGlobalSection
EndGlobal
